{
  "name": "claude-fsd",
  "version": "1.5.20",
  "lockfileVersion": 3,
  "requires": true,
  "packages": {
    "": {
      "name": "claude-fsd",
      "version": "1.5.20",
      "license": "MIT",
      "dependencies": {
        "claude-fsd": "^1.5.24"
      },
      "bin": {
        "claude-fsd": "bin/claude-fsd",
        "claudefsd": "bin/claudefsd",
        "claudefsd-analyze-brief": "bin/claudefsd-analyze-brief",
        "claudefsd-analyze-brief-personas": "bin/claudefsd-analyze-brief-personas",
        "claudefsd-check-dependencies": "bin/claudefsd-check-dependencies",
        "claudefsd-create-plan": "bin/claudefsd-create-plan",
        "claudefsd-dev": "bin/claudefsd-dev",
        "claudefsd-find-brief": "bin/claudefsd-find-brief",
        "claudefsd-interview": "bin/claudefsd-interview"
      },
      "engines": {
        "node": ">=14.0.0"
      }
    },
    "node_modules/claude-fsd": {
      "version": "1.5.24",
      "resolved": "https://registry.npmjs.org/claude-fsd/-/claude-fsd-1.5.24.tgz",
      "integrity": "sha512-wMu6fkBFERzz6euX4pJk5c9w65AUWEd+mgX9EggjCmdOdzVDE1nI71nwsA5jsRYBrVRGcxW4mY4kWgtg8cM8Sw==",
      "license": "MIT",
      "bin": {
        "claude-fsd": "bin/claude-fsd",
        "claudefsd": "bin/claudefsd",
        "claudefsd-analyze-brief": "bin/claudefsd-analyze-brief",
        "claudefsd-analyze-brief-personas": "bin/claudefsd-analyze-brief-personas",
        "claudefsd-check-dependencies": "bin/claudefsd-check-dependencies",
        "claudefsd-create-plan": "bin/claudefsd-create-plan",
        "claudefsd-dev": "bin/claudefsd-dev",
        "claudefsd-find-brief": "bin/claudefsd-find-brief",
        "claudefsd-interview": "bin/claudefsd-interview"
      },
      "engines": {
        "node": ">=14.0.0"
      }
    }
  }
}
